
Microsoft Visual Studio Solution File, Format Version 12.00
Project("{FAE04EC0-301F-11D3-BF4B-00C04F79EFBC}") = "BugWithMinimalApi", "BugWithMinimalApi\BugWithMinimalApi.csproj", "{938F6200-9048-46A1-8CF6-B024030DD4B0}"
EndProject
Project("{FAE04EC0-301F-11D3-BF4B-00C04F79EFBC}") = "TestProject1", "TestProject1\TestProject1.csproj", "{C5F7486B-6047-4AB3-9B99-F2B5F927137C}"
EndProject
Global
	GlobalSection(SolutionConfigurationPlatforms) = preSolution
		Debug|Any CPU = Debug|Any CPU
		Release|Any CPU = Release|Any CPU
	EndGlobalSection
	GlobalSection(ProjectConfigurationPlatforms) = postSolution
		{938F6200-9048-46A1-8CF6-B024030DD4B0}.Debug|Any CPU.ActiveCfg = Debug|Any CPU
		{938F6200-9048-46A1-8CF6-B024030DD4B0}.Debug|Any CPU.Build.0 = Debug|Any CPU
		{938F6200-9048-46A1-8CF6-B024030DD4B0}.Release|Any CPU.ActiveCfg = Release|Any CPU
		{938F6200-9048-46A1-8CF6-B024030DD4B0}.Release|Any CPU.Build.0 = Release|Any CPU
		{C5F7486B-6047-4AB3-9B99-F2B5F927137C}.Debug|Any CPU.ActiveCfg = Debug|Any CPU
		{C5F7486B-6047-4AB3-9B99-F2B5F927137C}.Debug|Any CPU.Build.0 = Debug|Any CPU
		{C5F7486B-6047-4AB3-9B99-F2B5F927137C}.Release|Any CPU.ActiveCfg = Release|Any CPU
		{C5F7486B-6047-4AB3-9B99-F2B5F927137C}.Release|Any CPU.Build.0 = Release|Any CPU
	EndGlobalSection
EndGlobal
